// !$*UTF8*$!
{
	archiveVersion = 1;
	classes = {
	};
	objectVersion = 50;
	objects = {

/* Begin PBXBuildFile section */
		DA7BE61923F4D02400AD62AE /* AppDelegate.swift in Sources */ = {isa = PBXBuildFile; fileRef = DA7BE61823F4D02400AD62AE /* AppDelegate.swift */; };
		DA7BE61B23F4D02400AD62AE /* SceneDelegate.swift in Sources */ = {isa = PBXBuildFile; fileRef = DA7BE61A23F4D02400AD62AE /* SceneDelegate.swift */; };
		DA7BE61D23F4D02400AD62AE /* ContentView.swift in Sources */ = {isa = PBXBuildFile; fileRef = DA7BE61C23F4D02400AD62AE /* ContentView.swift */; };
		DA7BE61F23F4D02500AD62AE /* Assets.xcassets in Resources */ = {isa = PBXBuildFile; fileRef = DA7BE61E23F4D02500AD62AE /* Assets.xcassets */; };
		DA7BE62223F4D02500AD62AE /* Preview Assets.xcassets in Resources */ = {isa = PBXBuildFile; fileRef = DA7BE62123F4D02500AD62AE /* Preview Assets.xcassets */; };
		DA7BE62523F4D02500AD62AE /* LaunchScreen.storyboard in Resources */ = {isa = PBXBuildFile; fileRef = DA7BE62323F4D02500AD62AE /* LaunchScreen.storyboard */; };
		DA7BE62F23F4D1B200AD62AE /* ViewController.swift in Sources */ = {isa = PBXBuildFile; fileRef = DA7BE62E23F4D1B200AD62AE /* ViewController.swift */; };
		DA7BE63123F505AE00AD62AE /* Taiwan.json in Resources */ = {isa = PBXBuildFile; fileRef = DA7BE63023F505AE00AD62AE /* Taiwan.json */; };
/* End PBXBuildFile section */

/* Begin PBXFileReference section */
		DA7BE61523F4D02400AD62AE /* TwoPickerView.app */ = {isa = PBXFileReference; explicitFileType = wrapper.application; includeInIndex = 0; path = TwoPickerView.app; sourceTree = BUILT_PRODUCTS_DIR; };
		DA7BE61823F4D02400AD62AE /* AppDelegate.swift */ = {isa = PBXFileReference; lastKnownFileType = sourcecode.swift; path = AppDelegate.swift; sourceTree = "<group>"; };
		DA7BE61A23F4D02400AD62AE /* SceneDelegate.swift */ = {isa = PBXFileReference; lastKnownFileType = sourcecode.swift; path = SceneDelegate.swift; sourceTree = "<group>"; };
		DA7BE61C23F4D02400AD62AE /* ContentView.swift */ = {isa = PBXFileReference; lastKnownFileType = sourcecode.swift; path = ContentView.swift; sourceTree = "<group>"; };
		DA7BE61E23F4D02500AD62AE /* Assets.xcassets */ = {isa = PBXFileReference; lastKnownFileType = folder.assetcatalog; path = Assets.xcassets; sourceTree = "<group>"; };
		DA7BE62123F4D02500AD62AE /* Preview Assets.xcassets */ = {isa = PBXFileReference; lastKnownFileType = folder.assetcatalog; path = "Preview Assets.xcassets"; sourceTree = "<group>"; };
		DA7BE62423F4D02500AD62AE /* Base */ = {isa = PBXFileReference; lastKnownFileType = file.storyboard; name = Base; path = Base.lproj/LaunchScreen.storyboard; sourceTree = "<group>"; };
		DA7BE62623F4D02500AD62AE /* Info.plist */ = {isa = PBXFileReference; lastKnownFileType = text.plist.xml; path = Info.plist; sourceTree = "<group>"; };
		DA7BE62E23F4D1B200AD62AE /* ViewController.swift */ = {isa = PBXFileReference; lastKnownFileType = sourcecode.swift; path = ViewController.swift; sourceTree = "<group>"; };
		DA7BE63023F505AE00AD62AE /* Taiwan.json */ = {isa = PBXFileReference; fileEncoding = 4; lastKnownFileType = text.json; path = Taiwan.json; sourceTree = "<group>"; };
/* End PBXFileReference section */

/* Begin PBXFrameworksBuildPhase section */
		DA7BE61223F4D02300AD62AE /* Frameworks */ = {
			isa = PBXFrameworksBuildPhase;
			buildActionMask = 2147483647;
			files = (
			);
			runOnlyForDeploymentPostprocessing = 0;
		};
/* End PBXFrameworksBuildPhase section */

/* Begin PBXGroup section */
		DA7BE60C23F4D02300AD62AE = {
			isa = PBXGroup;
			children = (
				DA7BE61723F4D02400AD62AE /* TwoPickerView */,
				DA7BE61623F4D02400AD62AE /* Products */,
			);
			sourceTree = "<group>";
		};
		DA7BE61623F4D02400AD62AE /* Products */ = {
			isa = PBXGroup;
			children = (
				DA7BE61523F4D02400AD62AE /* TwoPickerView.app */,
			);
			name = Products;
			sourceTree = "<group>";
		};
		DA7BE61723F4D02400AD62AE /* TwoPickerView */ = {
			isa = PBXGroup;
			children = (
				DA7BE61823F4D02400AD62AE /* AppDelegate.swift */,
				DA7BE61A23F4D02400AD62AE /* SceneDelegate.swift */,
				DA7BE61C23F4D02400AD62AE /* ContentView.swift */,
				DA7BE61E23F4D02500AD62AE /* Assets.xcassets */,
				DA7BE62323F4D02500AD62AE /* LaunchScreen.storyboard */,
				DA7BE62623F4D02500AD62AE /* Info.plist */,
				DA7BE63023F505AE00AD62AE /* Taiwan.json */,
				DA7BE62023F4D02500AD62AE /* Preview Content */,
				DA7BE62E23F4D1B200AD62AE /* ViewController.swift */,
			);
			path = TwoPickerView;
			sourceTree = "<group>";
		};
		DA7BE62023F4D02500AD62AE /* Preview Content */ = {
			isa = PBXGroup;
			children = (
				DA7BE62123F4D02500AD62AE /* Preview Assets.xcassets */,
			);
			path = "Preview Content";
			sourceTree = "<group>";
		};
/* End PBXGroup section */

/* Begin PBXNativeTarget section */
		DA7BE61423F4D02300AD62AE /* TwoPickerView */ = {
			isa = PBXNativeTarget;
			buildConfigurationList = DA7BE62923F4D02500AD62AE /* Build configuration list for PBXNativeTarget "TwoPickerView" */;
			buildPhases = (
				DA7BE61123F4D02300AD62AE /* Sources */,
				DA7BE61223F4D02300AD62AE /* Frameworks */,
				DA7BE61323F4D02300AD62AE /* Resources */,
			);
			buildRules = (
			);
			dependencies = (
			);
			name = TwoPickerView;
			productName = TwoPickerView;
			productReference = DA7BE61523F4D02400AD62AE /* TwoPickerView.app */;
			productType = "com.apple.product-type.application";
		};
/* End PBXNativeTarget section */

/* Begin PBXProject section */
		DA7BE60D23F4D02300AD62AE /* Project object */ = {
			isa = PBXProject;
			attributes = {
				LastSwiftUpdateCheck = 1130;
				LastUpgradeCheck = 1130;
				ORGANIZATIONNAME = "Paul Wen";
				TargetAttributes = {
					DA7BE61423F4D02300AD62AE = {
						CreatedOnToolsVersion = 11.3.1;
					};
				};
			};
			buildConfigurationList = DA7BE61023F4D02300AD62AE /* Build configuration list for PBXProject "TwoPickerView" */;
			compatibilityVersion = "Xcode 9.3";
			developmentRegion = en;
			hasScannedForEncodings = 0;
			knownRegions = (
				en,
				Base,
			);
			mainGroup = DA7BE60C23F4D02300AD62AE;
			productRefGroup = DA7BE61623F4D02400AD62AE /* Products */;
			projectDirPath = "";
			projectRoot = "";
			targets = (
				DA7BE61423F4D02300AD62AE /* TwoPickerView */,
			);
		};
/* End PBXProject section */

/* Begin PBXResourcesBuildPhase section */
		DA7BE61323F4D02300AD62AE /* Resources */ = {
			isa = PBXResourcesBuildPhase;
			buildActionMask = 2147483647;
			files = (
				DA7BE62523F4D02500AD62AE /* LaunchScreen.storyboard in Resources */,
				DA7BE62223F4D02500AD62AE /* Preview Assets.xcassets in Resources */,
				DA7BE61F23F4D02500AD62AE /* Assets.xcassets in Resources */,
				DA7BE63123F505AE00AD62AE /* Taiwan.json in Resources */,
			);
			runOnlyForDeploymentPostprocessing = 0;
		};
/* End PBXResourcesBuildPhase section */

/* Begin PBXSourcesBuildPhase section */
		DA7BE61123F4D02300AD62AE /* Sources */ = {
			isa = PBXSourcesBuildPhase;
			buildActionMask = 2147483647;
			files = (
				DA7BE61923F4D02400AD62AE /* AppDelegate.swift in Sources */,
				DA7BE61B23F4D02400AD62AE /* SceneDelegate.swift in Sources */,
				DA7BE62F23F4D1B200AD62AE /* ViewController.swift in Sources */,
				DA7BE61D23F4D02400AD62AE /* ContentView.swift in Sources */,
			);
			runOnlyForDeploymentPostprocessing = 0;
		};
/* End PBXSourcesBuildPhase section */

/* Begin PBXVariantGroup section */
		DA7BE62323F4D02500AD62AE /* LaunchScreen.storyboard */ = {
			isa = PBXVariantGroup;
			children = (
				DA7BE62423F4D02500AD62AE /* Base */,
			);
			name = LaunchScreen.storyboard;
			sourceTree = "<group>";
		};
/* End PBXVariantGroup section */

/* Begin XCBuildConfiguration section */
		DA7BE62723F4D02500AD62AE /* Debug */ = {
			isa = XCBuildConfiguration;
			buildSettings = {
				ALWAYS_SEARCH_USER_PATHS = NO;
				CLANG_ANALYZER_NONNULL = YES;
				CLANG_ANALYZER_NUMBER_OBJECT_CONVERSION = YES_AGGRESSIVE;
				CLANG_CXX_LANGUAGE_STANDARD = "gnu++14";
				CLANG_CXX_LIBRARY = "libc++";
				CLANG_ENABLE_MODULES = YES;
				CLANG_ENABLE_OBJC_ARC = YES;
				CLANG_ENABLE_OBJC_WEAK = YES;
				CLANG_WARN_BLOCK_CAPTURE_AUTORELEASING = YES;
				CLANG_WARN_BOOL_CONVERSION = YES;
				CLANG_WARN_COMMA = YES;
				CLANG_WARN_CONSTANT_CONVERSION = YES;
				CLANG_WARN_DEPRECATED_OBJC_IMPLEMENTATIONS = YES;
				CLANG_WARN_DIRECT_OBJC_ISA_USAGE = YES_ERROR;
				CLANG_WARN_DOCUMENTATION_COMMENTS = YES;
				CLANG_WARN_EMPTY_BODY = YES;
				CLANG_WARN_ENUM_CONVERSION = YES;
				CLANG_WARN_INFINITE_RECURSION = YES;
				CLANG_WARN_INT_CONVERSION = YES;
				CLANG_WARN_NON_LITERAL_NULL_CONVERSION = YES;
				CLANG_WARN_OBJC_IMPLICIT_RETAIN_SELF = YES;
				CLANG_WARN_OBJC_LITERAL_CONVERSION = YES;
				CLANG_WARN_OBJC_ROOT_CLASS = YES_ERROR;
				CLANG_WARN_RANGE_LOOP_ANALYSIS = YES;
				CLANG_WARN_STRICT_PROTOTYPES = YES;
				CLANG_WARN_SUSPICIOUS_MOVE = YES;
				CLANG_WARN_UNGUARDED_AVAILABILITY = YES_AGGRESSIVE;
				CLANG_WARN_UNREACHABLE_CODE = YES;
				CLANG_WARN__DUPLICATE_METHOD_MATCH = YES;
				COPY_PHASE_STRIP = NO;
				DEBUG_INFORMATION_FORMAT = dwarf;
				ENABLE_STRICT_OBJC_MSGSEND = YES;
				ENABLE_TESTABILITY = YES;
				GCC_C_LANGUAGE_STANDARD = gnu11;
				GCC_DYNAMIC_NO_PIC = NO;
				GCC_NO_COMMON_BLOCKS = YES;
				GCC_OPTIMIZATION_LEVEL = 0;
				GCC_PREPROCESSOR_DEFINITIONS = (
					"DEBUG=1",
					"$(inherited)",
				);
				GCC_WARN_64_TO_32_BIT_CONVERSION = YES;
				GCC_WARN_ABOUT_RETURN_TYPE = YES_ERROR;
				GCC_WARN_UNDECLARED_SELECTOR = YES;
				GCC_WARN_UNINITIALIZED_AUTOS = YES_AGGRESSIVE;
				GCC_WARN_UNUSED_FUNCTION = YES;
				GCC_WARN_UNUSED_VARIABLE = YES;
				IPHONEOS_DEPLOYMENT_TARGET = 13.2;
				MTL_ENABLE_DEBUG_INFO = INCLUDE_SOURCE;
				MTL_FAST_MATH = YES;
				ONLY_ACTIVE_ARCH = YES;
				SDKROOT = iphoneos;
				SWIFT_ACTIVE_COMPILATION_CONDITIONS = DEBUG;
				SWIFT_OPTIMIZATION_LEVEL = "-Onone";
			};
			name = Debug;
		};
		DA7BE62823F4D02500AD62AE /* Release */ = {
			isa = XCBuildConfiguration;
			buildSettings = {
				ALWAYS_SEARCH_USER_PATHS = NO;
				CLANG_ANALYZER_NONNULL = YES;
				CLANG_ANALYZER_NUMBER_OBJECT_CONVERSION = YES_AGGRESSIVE;
				CLANG_CXX_LANGUAGE_STANDARD = "gnu++14";
				CLANG_CXX_LIBRARY = "libc++";
				CLANG_ENABLE_MODULES = YES;
				CLANG_ENABLE_OBJC_ARC = YES;
				CLANG_ENABLE_OBJC_WEAK = YES;
				CLANG_WARN_BLOCK_CAPTURE_AUTORELEASING = YES;
				CLANG_WARN_BOOL_CONVERSION = YES;
				CLANG_WARN_COMMA = YES;
				CLANG_WARN_CONSTANT_CONVERSION = YES;
				CLANG_WARN_DEPRECATED_OBJC_IMPLEMENTATIONS = YES;
				CLANG_WARN_DIRECT_OBJC_ISA_USAGE = YES_ERROR;
				CLANG_WARN_DOCUMENTATION_COMMENTS = YES;
				CLANG_WARN_EMPTY_BODY = YES;
				CLANG_WARN_ENUM_CONVERSION = YES;
				CLANG_WARN_INFINITE_RECURSION = YES;
				CLANG_WARN_INT_CONVERSION = YES;
				CLANG_WARN_NON_LITERAL_NULL_CONVERSION = YES;
				CLANG_WARN_OBJC_IMPLICIT_RETAIN_SELF = YES;
				CLANG_WARN_OBJC_LITERAL_CONVERSION = YES;
				CLANG_WARN_OBJC_ROOT_CLASS = YES_ERROR;
				CLANG_WARN_RANGE_LOOP_ANALYSIS = YES;
				CLANG_WARN_STRICT_PROTOTYPES = YES;
				CLANG_WARN_SUSPICIOUS_MOVE = YES;
				CLANG_WARN_UNGUARDED_AVAILABILITY = YES_AGGRESSIVE;
				CLANG_WARN_UNREACHABLE_CODE = YES;
				CLANG_WARN__DUPLICATE_METHOD_MATCH = YES;
				COPY_PHASE_STRIP = NO;
				DEBUG_INFORMATION_FORMAT = "dwarf-with-dsym";
				ENABLE_NS_ASSERTIONS = NO;
				ENABLE_STRICT_OBJC_MSGSEND = YES;
				GCC_C_LANGUAGE_STANDARD = gnu11;
				GCC_NO_COMMON_BLOCKS = YES;
				GCC_WARN_64_TO_32_BIT_CONVERSION = YES;
				GCC_WARN_ABOUT_RETURN_TYPE = YES_ERROR;
				GCC_WARN_UNDECLARED_SELECTOR = YES;
				GCC_WARN_UNINITIALIZED_AUTOS = YES_AGGRESSIVE;
				GCC_WARN_UNUSED_FUNCTION = YES;
				GCC_WARN_UNUSED_VARIABLE = YES;
				IPHONEOS_DEPLOYMENT_TARGET = 13.2;
				MTL_ENABLE_DEBUG_INFO = NO;
				MTL_FAST_MATH = YES;
				SDKROOT = iphoneos;
				SWIFT_COMPILATION_MODE = wholemodule;
				SWIFT_OPTIMIZATION_LEVEL = "-O";
				VALIDATE_PRODUCT = YES;
			};
			name = Release;
		};
		DA7BE62A23F4D02500AD62AE /* Debug */ = {
			isa = XCBuildConfiguration;
			buildSettings = {
				ASSETCATALOG_COMPILER_APPICON_NAME = AppIcon;
				CODE_SIGN_STYLE = Automatic;
				DEVELOPMENT_ASSET_PATHS = "\"TwoPickerView/Preview Content\"";
				DEVELOPMENT_TEAM = F8N5N23PWK;
				ENABLE_PREVIEWS = YES;
				INFOPLIST_FILE = TwoPickerView/Info.plist;
				LD_RUNPATH_SEARCH_PATHS = (
					"$(inherited)",
					"@executable_path/Frameworks",
				);
				PRODUCT_BUNDLE_IDENTIFIER = paulyswen.TwoPickerView;
				PRODUCT_NAME = "$(TARGET_NAME)";
				SWIFT_VERSION = 5.0;
				TARGETED_DEVICE_FAMILY = "1,2";
			};
			name = Debug;
		};
		DA7BE62B23F4D02500AD62AE /* Release */ = {
			isa = XCBuildConfiguration;
			buildSettings = {
				ASSETCATALOG_COMPILER_APPICON_NAME = AppIcon;
				CODE_SIGN_STYLE = Automatic;
				DEVELOPMENT_ASSET_PATHS = "\"TwoPickerView/Preview Content\"";
				DEVELOPMENT_TEAM = F8N5N23PWK;
				ENABLE_PREVIEWS = YES;
				INFOPLIST_FILE = TwoPickerView/Info.plist;
				LD_RUNPATH_SEARCH_PATHS = (
					"$(inherited)",
					"@executable_path/Frameworks",
				);
				PRODUCT_BUNDLE_IDENTIFIER = paulyswen.TwoPickerView;
				PRODUCT_NAME = "$(TARGET_NAME)";
				SWIFT_VERSION = 5.0;
				TARGETED_DEVICE_FAMILY = "1,2";
			};
			name = Release;
		};
/* End XCBuildConfiguration section */

/* Begin XCConfigurationList section */
		DA7BE61023F4D02300AD62AE /* Build configuration list for PBXProject "TwoPickerView" */ = {
			isa = XCConfigurationList;
			buildConfigurations = (
				DA7BE62723F4D02500AD62AE /* Debug */,
				DA7BE62823F4D02500AD62AE /* Release */,
			);
			defaultConfigurationIsVisible = 0;
			defaultConfigurationName = Release;
		};
		DA7BE62923F4D02500AD62AE /* Build configuration list for PBXNativeTarget "TwoPickerView" */ = {
			isa = XCConfigurationList;
			buildConfigurations = (
				DA7BE62A23F4D02500AD62AE /* Debug */,
				DA7BE62B23F4D02500AD62AE /* Release */,
			);
			defaultConfigurationIsVisible = 0;
			defaultConfigurationName = Release;
		};
/* End XCConfigurationList section */
	};
	rootObject = DA7BE60D23F4D02300AD62AE /* Project object */;
}
